
Microsoft Visual Studio Solution File, Format Version 12.00
# Visual Studio 15
VisualStudioVersion = 15.0.28307.757
MinimumVisualStudioVersion = 10.0.40219.1
Project("{FAE04EC0-301F-11D3-BF4B-00C04F79EFBC}") = "Newtonsoft.Msgpack", "Newtonsoft.Msgpack\Newtonsoft.Msgpack.csproj", "{9E95D6B1-B586-4A4B-A4DD-A4C0C6AF1558}"
EndProject
Global
	GlobalSection(SolutionConfigurationPlatforms) = preSolution
		Debug|Any CPU = Debug|Any CPU
		Release|Any CPU = Release|Any CPU
	EndGlobalSection
	GlobalSection(ProjectConfigurationPlatforms) = postSolution
		{9E95D6B1-B586-4A4B-A4DD-A4C0C6AF1558}.Debug|Any CPU.ActiveCfg = Debug|Any CPU
		{9E95D6B1-B586-4A4B-A4DD-A4C0C6AF1558}.Debug|Any CPU.Build.0 = Debug|Any CPU
		{9E95D6B1-B586-4A4B-A4DD-A4C0C6AF1558}.Release|Any CPU.ActiveCfg = Release|Any CPU
		{9E95D6B1-B586-4A4B-A4DD-A4C0C6AF1558}.Release|Any CPU.Build.0 = Release|Any CPU
	EndGlobalSection
	GlobalSection(SolutionProperties) = preSolution
		HideSolutionNode = FALSE
	EndGlobalSection
	GlobalSection(ExtensibilityGlobals) = postSolution
		SolutionGuid = {1486BC5C-10F3-4A52-A8DE-15BF3DEBDA11}
	EndGlobalSection
EndGlobal
